Microsoft Visual Studio Solution File, Format Version 8.00
Project("{8BC9CEB8-8B4A-11D0-8D11-00A0C91BC942}") = "alut", "alut.vcproj", "{EFE61A7A-4C74-45CD-A601-27533B953BAE}"
	ProjectSection(ProjectDependencies) = postProject
	EndProjectSection
EndProject
Project("{8BC9CEB8-8B4A-11D0-8D11-00A0C91BC942}") = "hello_world", "hello_world.vcproj", "{B640D63D-EA31-452C-B517-23B1A47866C7}"
	ProjectSection(ProjectDependencies) = postProject
		{EFE61A7A-4C74-45CD-A601-27533B953BAE} = {EFE61A7A-4C74-45CD-A601-27533B953BAE}
	EndProjectSection
EndProject
Global
	GlobalSection(SolutionConfiguration) = preSolution
		Debug = Debug
		Release = Release
	EndGlobalSection
	GlobalSection(ProjectConfiguration) = postSolution
		{EFE61A7A-4C74-45CD-A601-27533B953BAE}.Debug.ActiveCfg = Debug|Win32
		{EFE61A7A-4C74-45CD-A601-27533B953BAE}.Debug.Build.0 = Debug|Win32
		{EFE61A7A-4C74-45CD-A601-27533B953BAE}.Release.ActiveCfg = Release|Win32
		{EFE61A7A-4C74-45CD-A601-27533B953BAE}.Release.Build.0 = Release|Win32
		{B640D63D-EA31-452C-B517-23B1A47866C7}.Debug.ActiveCfg = Debug|Win32
		{B640D63D-EA31-452C-B517-23B1A47866C7}.Debug.Build.0 = Debug|Win32
		{B640D63D-EA31-452C-B517-23B1A47866C7}.Release.ActiveCfg = Release|Win32
		{B640D63D-EA31-452C-B517-23B1A47866C7}.Release.Build.0 = Release|Win32
	EndGlobalSection
	GlobalSection(ExtensibilityGlobals) = postSolution
	EndGlobalSection
	GlobalSection(ExtensibilityAddIns) = postSolution
	EndGlobalSection
EndGlobal
